
Microsoft Visual Studio Solution File, Format Version 12.00
# Visual Studio 15
VisualStudioVersion = 15.0.27130.0
MinimumVisualStudioVersion = 10.0.40219.1
Project("{FAE04EC0-301F-11D3-BF4B-00C04F79EFBC}") = "FileWatcherTest", "FileWatcherTest\FileWatcherTest.csproj", "{5FA7843C-0897-4C69-A611-5673B0238761}"
EndProject
Project("{FAE04EC0-301F-11D3-BF4B-00C04F79EFBC}") = "SignalR2Test", "SignalR2Test\SignalR2Test.csproj", "{ECF394AD-F326-4631-8838-A4C2D78449D2}"
EndProject
Project("{FAE04EC0-301F-11D3-BF4B-00C04F79EFBC}") = "AutoMapperTest", "AutoMapperTest\AutoMapperTest.csproj", "{3032E397-7204-4272-A645-D0DB9B186876}"
EndProject
Project("{FAE04EC0-301F-11D3-BF4B-00C04F79EFBC}") = "AutoMapperTest.Bll", "AutoMapperTest.Bll\AutoMapperTest.Bll.csproj", "{6BED34E0-E3F4-4E33-AD87-10A891D4E803}"
EndProject
Global
	GlobalSection(SolutionConfigurationPlatforms) = preSolution
		Debug|Any CPU = Debug|Any CPU
		Release|Any CPU = Release|Any CPU
	EndGlobalSection
	GlobalSection(ProjectConfigurationPlatforms) = postSolution
		{5FA7843C-0897-4C69-A611-5673B0238761}.Debug|Any CPU.ActiveCfg = Debug|Any CPU
		{5FA7843C-0897-4C69-A611-5673B0238761}.Debug|Any CPU.Build.0 = Debug|Any CPU
		{5FA7843C-0897-4C69-A611-5673B0238761}.Release|Any CPU.ActiveCfg = Release|Any CPU
		{5FA7843C-0897-4C69-A611-5673B0238761}.Release|Any CPU.Build.0 = Release|Any CPU
		{ECF394AD-F326-4631-8838-A4C2D78449D2}.Debug|Any CPU.ActiveCfg = Debug|Any CPU
		{ECF394AD-F326-4631-8838-A4C2D78449D2}.Debug|Any CPU.Build.0 = Debug|Any CPU
		{ECF394AD-F326-4631-8838-A4C2D78449D2}.Release|Any CPU.ActiveCfg = Release|Any CPU
		{ECF394AD-F326-4631-8838-A4C2D78449D2}.Release|Any CPU.Build.0 = Release|Any CPU
		{3032E397-7204-4272-A645-D0DB9B186876}.Debug|Any CPU.ActiveCfg = Debug|Any CPU
		{3032E397-7204-4272-A645-D0DB9B186876}.Debug|Any CPU.Build.0 = Debug|Any CPU
		{3032E397-7204-4272-A645-D0DB9B186876}.Release|Any CPU.ActiveCfg = Release|Any CPU
		{3032E397-7204-4272-A645-D0DB9B186876}.Release|Any CPU.Build.0 = Release|Any CPU
		{6BED34E0-E3F4-4E33-AD87-10A891D4E803}.Debug|Any CPU.ActiveCfg = Debug|Any CPU
		{6BED34E0-E3F4-4E33-AD87-10A891D4E803}.Debug|Any CPU.Build.0 = Debug|Any CPU
		{6BED34E0-E3F4-4E33-AD87-10A891D4E803}.Release|Any CPU.ActiveCfg = Release|Any CPU
		{6BED34E0-E3F4-4E33-AD87-10A891D4E803}.Release|Any CPU.Build.0 = Release|Any CPU
	EndGlobalSection
	GlobalSection(SolutionProperties) = preSolution
		HideSolutionNode = FALSE
	EndGlobalSection
	GlobalSection(ExtensibilityGlobals) = postSolution
		SolutionGuid = {CFF5E9C9-D208-447B-8635-D0AEEC923A00}
	EndGlobalSection
EndGlobal
